{
    "_readme": [
        "This file locks the dependencies of your project to a known state",
        "Read more about it at https://getcomposer.org/doc/01-basic-usage.md#installing-dependencies",
        "This file is @generated automatically"
    ],
    "content-hash": "a0e99af9707e796cb0a911498b088eaf",
    "packages": [
        {
            "name": "ipunkt/rancherize",
            "version": "2.28.6",
            "source": {
                "type": "git",
                "url": "https://github.com/ipunkt/rancherize.git",
                "reference": "30c965b23db4f2a30b9a173ec68305e3a0ee89f2"
            },
            "dist": {
                "type": "zip",
                "url": "https://api.github.com/repos/ipunkt/rancherize/zipball/30c965b23db4f2a30b9a173ec68305e3a0ee89f2",
                "reference": "30c965b23db4f2a30b9a173ec68305e3a0ee89f2",
                "shasum": ""
            },
            "require": {
                "ipunkt/rancherize-php53": "^1.4.0",
                "pimple/pimple": "^3.0",
                "symfony/console": "^3.1",
                "symfony/event-dispatcher": "^3.1",
                "symfony/process": "^3.1",
                "symfony/yaml": "^3.1"
            },
            "require-dev": {
                "mockery/mockery": "^0.9.9",
                "phpunit/phpunit": "^5.6"
            },
            "suggest": {
                "ipunkt/rancherize-backup-storagebox": "Adding backup commands for use with a Hetzner Storagebox service",
                "ipunkt/rancherize-blueprint-php-cli": "PHP command line interface blueprint with cron labels and shell execution",
                "ipunkt/rancherize-ecr": "Publish docker images to an Amazon ECR repository",
                "ipunkt/rancherize-php72": "Enable php version 7.2",
                "ipunkt/rancherize-publish-traefik-rancher": "Set rancher labels for the traefik rancher backend"
            },
            "bin": [
                "rancherize"
            ],
            "type": "library",
            "autoload": {
                "psr-4": {
                    "Rancherize\\": "app/",
                    "RancherizeTest\\": "tests/"
                }
            },
            "notification-url": "https://packagist.org/downloads/",
            "license": [
                "MIT"
            ],
            "authors": [
                {
                    "name": "Sven Speckmaier",
                    "email": "sps@ipunkt.biz"
                }
            ],
            "description": "rancherize your development workflow",
            "keywords": [
                "docker",
                "rancher"
            ],
            "time": "2018-09-26T07:34:26+00:00"
        },
        {
            "name": "ipunkt/rancherize-php53",
            "version": "1.5.1",
            "source": {
                "type": "git",
                "url": "https://github.com/ipunkt/rancherize-php53.git",
                "reference": "d512507326619e7e5a1cc50a5e5c00dda38cde50"
            },
            "dist": {
                "type": "zip",
                "url": "https://api.github.com/repos/ipunkt/rancherize-php53/zipball/d512507326619e7e5a1cc50a5e5c00dda38cde50",
                "reference": "d512507326619e7e5a1cc50a5e5c00dda38cde50",
                "shasum": ""
            },
            "require-dev": {
                "ipunkt/rancherize": "^2.24.1"
            },
            "type": "project",
            "extra": {
                "rancherize-provider": "RancherizePhp53\\Php53Provider"
            },
            "autoload": {
                "psr-4": {
                    "RancherizePhp53\\": "plugin/"
                }
            },
            "notification-url": "https://packagist.org/downloads/",
            "license": [
                "MIT"
            ],
            "authors": [
                {
                    "name": "Sven Speckmaier",
                    "email": "sps@ipunkt.biz"
                }
            ],
            "description": "Rancherize plugin to publish images to an ecr repository",
            "time": "2018-09-13T07:36:04+00:00"
        },
        {
            "name": "pimple/pimple",
            "version": "v3.2.3",
            "source": {
                "type": "git",
                "url": "https://github.com/silexphp/Pimple.git",
                "reference": "9e403941ef9d65d20cba7d54e29fe906db42cf32"
            },
            "dist": {
                "type": "zip",
                "url": "https://api.github.com/repos/silexphp/Pimple/zipball/9e403941ef9d65d20cba7d54e29fe906db42cf32",
                "reference": "9e403941ef9d65d20cba7d54e29fe906db42cf32",
                "shasum": ""
            },
            "require": {
                "php": ">=5.3.0",
                "psr/container": "^1.0"
            },
            "require-dev": {
                "symfony/phpunit-bridge": "^3.2"
            },
            "type": "library",
            "extra": {
                "branch-alias": {
                    "dev-master": "3.2.x-dev"
                }
            },
            "autoload": {
                "psr-0": {
                    "Pimple": "src/"
                }
            },
            "notification-url": "https://packagist.org/downloads/",
            "license": [
                "MIT"
            ],
            "authors": [
                {
                    "name": "Fabien Potencier",
                    "email": "fabien@symfony.com"
                }
            ],
            "description": "Pimple, a simple Dependency Injection Container",
            "homepage": "http://pimple.sensiolabs.org",
            "keywords": [
                "container",
                "dependency injection"
            ],
            "time": "2018-01-21T07:42:36+00:00"
        },
        {
            "name": "psr/container",
            "version": "1.0.0",
            "source": {
                "type": "git",
                "url": "https://github.com/php-fig/container.git",
                "reference": "b7ce3b176482dbbc1245ebf52b181af44c2cf55f"
            },
            "dist": {
                "type": "zip",
                "url": "https://api.github.com/repos/php-fig/container/zipball/b7ce3b176482dbbc1245ebf52b181af44c2cf55f",
                "reference": "b7ce3b176482dbbc1245ebf52b181af44c2cf55f",
                "shasum": ""
            },
            "require": {
                "php": ">=5.3.0"
            },
            "type": "library",
            "extra": {
                "branch-alias": {
                    "dev-master": "1.0.x-dev"
                }
            },
            "autoload": {
                "psr-4": {
                    "Psr\\Container\\": "src/"
                }
            },
            "notification-url": "https://packagist.org/downloads/",
            "license": [
                "MIT"
            ],
            "authors": [
                {
                    "name": "PHP-FIG",
                    "homepage": "http://www.php-fig.org/"
                }
            ],
            "description": "Common Container Interface (PHP FIG PSR-11)",
            "homepage": "https://github.com/php-fig/container",
            "keywords": [
                "PSR-11",
                "container",
                "container-interface",
                "container-interop",
                "psr"
            ],
            "time": "2017-02-14T16:28:37+00:00"
        },
        {
            "name": "psr/log",
            "version": "1.0.2",
            "source": {
                "type": "git",
                "url": "https://github.com/php-fig/log.git",
                "reference": "4ebe3a8bf773a19edfe0a84b6585ba3d401b724d"
            },
            "dist": {
                "type": "zip",
                "url": "https://api.github.com/repos/php-fig/log/zipball/4ebe3a8bf773a19edfe0a84b6585ba3d401b724d",
                "reference": "4ebe3a8bf773a19edfe0a84b6585ba3d401b724d",
                "shasum": ""
            },
            "require": {
                "php": ">=5.3.0"
            },
            "type": "library",
            "extra": {
                "branch-alias": {
                    "dev-master": "1.0.x-dev"
                }
            },
            "autoload": {
                "psr-4": {
                    "Psr\\Log\\": "Psr/Log/"
                }
            },
            "notification-url": "https://packagist.org/downloads/",
            "license": [
                "MIT"
            ],
            "authors": [
                {
                    "name": "PHP-FIG",
                    "homepage": "http://www.php-fig.org/"
                }
            ],
            "description": "Common interface for logging libraries",
            "homepage": "https://github.com/php-fig/log",
            "keywords": [
                "log",
                "psr",
                "psr-3"
            ],
            "time": "2016-10-10T12:19:37+00:00"
        },
        {
            "name": "symfony/console",
            "version": "v3.4.4",
            "source": {
                "type": "git",
                "url": "https://github.com/symfony/console.git",
                "reference": "26b6f419edda16c19775211987651cb27baea7f1"
            },
            "dist": {
                "type": "zip",
                "url": "https://api.github.com/repos/symfony/console/zipball/26b6f419edda16c19775211987651cb27baea7f1",
                "reference": "26b6f419edda16c19775211987651cb27baea7f1",
                "shasum": ""
            },
            "require": {
                "php": "^5.5.9|>=7.0.8",
                "symfony/debug": "~2.8|~3.0|~4.0",
                "symfony/polyfill-mbstring": "~1.0"
            },
            "conflict": {
                "symfony/dependency-injection": "<3.4",
                "symfony/process": "<3.3"
            },
            "require-dev": {
                "psr/log": "~1.0",
                "symfony/config": "~3.3|~4.0",
                "symfony/dependency-injection": "~3.4|~4.0",
                "symfony/event-dispatcher": "~2.8|~3.0|~4.0",
                "symfony/lock": "~3.4|~4.0",
                "symfony/process": "~3.3|~4.0"
            },
            "suggest": {
                "psr/log": "For using the console logger",
                "symfony/event-dispatcher": "",
                "symfony/lock": "",
                "symfony/process": ""
            },
            "type": "library",
            "extra": {
                "branch-alias": {
                    "dev-master": "3.4-dev"
                }
            },
            "autoload": {
                "psr-4": {
                    "Symfony\\Component\\Console\\": ""
                },
                "exclude-from-classmap": [
                    "/Tests/"
                ]
            },
            "notification-url": "https://packagist.org/downloads/",
            "license": [
                "MIT"
            ],
            "authors": [
                {
                    "name": "Fabien Potencier",
                    "email": "fabien@symfony.com"
                },
                {
                    "name": "Symfony Community",
                    "homepage": "https://symfony.com/contributors"
                }
            ],
            "description": "Symfony Console Component",
            "homepage": "https://symfony.com",
            "time": "2018-01-29T09:03:43+00:00"
        },
        {
            "name": "symfony/debug",
            "version": "v3.4.4",
            "source": {
                "type": "git",
                "url": "https://github.com/symfony/debug.git",
                "reference": "53f6af2805daf52a43b393b93d2f24925d35c937"
            },
            "dist": {
                "type": "zip",
                "url": "https://api.github.com/repos/symfony/debug/zipball/53f6af2805daf52a43b393b93d2f24925d35c937",
                "reference": "53f6af2805daf52a43b393b93d2f24925d35c937",
                "shasum": ""
            },
            "require": {
                "php": "^5.5.9|>=7.0.8",
                "psr/log": "~1.0"
            },
            "conflict": {
                "symfony/http-kernel": ">=2.3,<2.3.24|~2.4.0|>=2.5,<2.5.9|>=2.6,<2.6.2"
            },
            "require-dev": {
                "symfony/http-kernel": "~2.8|~3.0|~4.0"
            },
            "type": "library",
            "extra": {
                "branch-alias": {
                    "dev-master": "3.4-dev"
                }
            },
            "autoload": {
                "psr-4": {
                    "Symfony\\Component\\Debug\\": ""
                },
                "exclude-from-classmap": [
                    "/Tests/"
                ]
            },
            "notification-url": "https://packagist.org/downloads/",
            "license": [
                "MIT"
            ],
            "authors": [
                {
                    "name": "Fabien Potencier",
                    "email": "fabien@symfony.com"
                },
                {
                    "name": "Symfony Community",
                    "homepage": "https://symfony.com/contributors"
                }
            ],
            "description": "Symfony Debug Component",
            "homepage": "https://symfony.com",
            "time": "2018-01-18T22:16:57+00:00"
        },
        {
            "name": "symfony/event-dispatcher",
            "version": "v3.4.4",
            "source": {
                "type": "git",
                "url": "https://github.com/symfony/event-dispatcher.git",
                "reference": "26b87b6bca8f8f797331a30b76fdae5342dc26ca"
            },
            "dist": {
                "type": "zip",
                "url": "https://api.github.com/repos/symfony/event-dispatcher/zipball/26b87b6bca8f8f797331a30b76fdae5342dc26ca",
                "reference": "26b87b6bca8f8f797331a30b76fdae5342dc26ca",
                "shasum": ""
            },
            "require": {
                "php": "^5.5.9|>=7.0.8"
            },
            "conflict": {
                "symfony/dependency-injection": "<3.3"
            },
            "require-dev": {
                "psr/log": "~1.0",
                "symfony/config": "~2.8|~3.0|~4.0",
                "symfony/dependency-injection": "~3.3|~4.0",
                "symfony/expression-language": "~2.8|~3.0|~4.0",
                "symfony/stopwatch": "~2.8|~3.0|~4.0"
            },
            "suggest": {
                "symfony/dependency-injection": "",
                "symfony/http-kernel": ""
            },
            "type": "library",
            "extra": {
                "branch-alias": {
                    "dev-master": "3.4-dev"
                }
            },
            "autoload": {
                "psr-4": {
                    "Symfony\\Component\\EventDispatcher\\": ""
                },
                "exclude-from-classmap": [
                    "/Tests/"
                ]
            },
            "notification-url": "https://packagist.org/downloads/",
            "license": [
                "MIT"
            ],
            "authors": [
                {
                    "name": "Fabien Potencier",
                    "email": "fabien@symfony.com"
                },
                {
                    "name": "Symfony Community",
                    "homepage": "https://symfony.com/contributors"
                }
            ],
            "description": "Symfony EventDispatcher Component",
            "homepage": "https://symfony.com",
            "time": "2018-01-03T07:37:34+00:00"
        },
        {
            "name": "symfony/polyfill-mbstring",
            "version": "v1.7.0",
            "source": {
                "type": "git",
                "url": "https://github.com/symfony/polyfill-mbstring.git",
                "reference": "78be803ce01e55d3491c1397cf1c64beb9c1b63b"
            },
            "dist": {
                "type": "zip",
                "url": "https://api.github.com/repos/symfony/polyfill-mbstring/zipball/78be803ce01e55d3491c1397cf1c64beb9c1b63b",
                "reference": "78be803ce01e55d3491c1397cf1c64beb9c1b63b",
                "shasum": ""
            },
            "require": {
                "php": ">=5.3.3"
            },
            "suggest": {
                "ext-mbstring": "For best performance"
            },
            "type": "library",
            "extra": {
                "branch-alias": {
                    "dev-master": "1.7-dev"
                }
            },
            "autoload": {
                "psr-4": {
                    "Symfony\\Polyfill\\Mbstring\\": ""
                },
                "files": [
                    "bootstrap.php"
                ]
            },
            "notification-url": "https://packagist.org/downloads/",
            "license": [
                "MIT"
            ],
            "authors": [
                {
                    "name": "Nicolas Grekas",
                    "email": "p@tchwork.com"
                },
                {
                    "name": "Symfony Community",
                    "homepage": "https://symfony.com/contributors"
                }
            ],
            "description": "Symfony polyfill for the Mbstring extension",
            "homepage": "https://symfony.com",
            "keywords": [
                "compatibility",
                "mbstring",
                "polyfill",
                "portable",
                "shim"
            ],
            "time": "2018-01-30T19:27:44+00:00"
        },
        {
            "name": "symfony/process",
            "version": "v3.4.4",
            "source": {
                "type": "git",
                "url": "https://github.com/symfony/process.git",
                "reference": "09a5172057be8fc677840e591b17f385e58c7c0d"
            },
            "dist": {
                "type": "zip",
                "url": "https://api.github.com/repos/symfony/process/zipball/09a5172057be8fc677840e591b17f385e58c7c0d",
                "reference": "09a5172057be8fc677840e591b17f385e58c7c0d",
                "shasum": ""
            },
            "require": {
                "php": "^5.5.9|>=7.0.8"
            },
            "type": "library",
            "extra": {
                "branch-alias": {
                    "dev-master": "3.4-dev"
                }
            },
            "autoload": {
                "psr-4": {
                    "Symfony\\Component\\Process\\": ""
                },
                "exclude-from-classmap": [
                    "/Tests/"
                ]
            },
            "notification-url": "https://packagist.org/downloads/",
            "license": [
                "MIT"
            ],
            "authors": [
                {
                    "name": "Fabien Potencier",
                    "email": "fabien@symfony.com"
                },
                {
                    "name": "Symfony Community",
                    "homepage": "https://symfony.com/contributors"
                }
            ],
            "description": "Symfony Process Component",
            "homepage": "https://symfony.com",
            "time": "2018-01-29T09:03:43+00:00"
        },
        {
            "name": "symfony/yaml",
            "version": "v3.4.4",
            "source": {
                "type": "git",
                "url": "https://github.com/symfony/yaml.git",
                "reference": "eab73b6c21d27ae4cd037c417618dfd4befb0bfe"
            },
            "dist": {
                "type": "zip",
                "url": "https://api.github.com/repos/symfony/yaml/zipball/eab73b6c21d27ae4cd037c417618dfd4befb0bfe",
                "reference": "eab73b6c21d27ae4cd037c417618dfd4befb0bfe",
                "shasum": ""
            },
            "require": {
                "php": "^5.5.9|>=7.0.8"
            },
            "conflict": {
                "symfony/console": "<3.4"
            },
            "require-dev": {
                "symfony/console": "~3.4|~4.0"
            },
            "suggest": {
                "symfony/console": "For validating YAML files using the lint command"
            },
            "type": "library",
            "extra": {
                "branch-alias": {
                    "dev-master": "3.4-dev"
                }
            },
            "autoload": {
                "psr-4": {
                    "Symfony\\Component\\Yaml\\": ""
                },
                "exclude-from-classmap": [
                    "/Tests/"
                ]
            },
            "notification-url": "https://packagist.org/downloads/",
            "license": [
                "MIT"
            ],
            "authors": [
                {
                    "name": "Fabien Potencier",
                    "email": "fabien@symfony.com"
                },
                {
                    "name": "Symfony Community",
                    "homepage": "https://symfony.com/contributors"
                }
            ],
            "description": "Symfony Yaml Component",
            "homepage": "https://symfony.com",
            "time": "2018-01-21T19:05:02+00:00"
        }
    ],
    "packages-dev": [],
    "aliases": [],
    "minimum-stability": "stable",
    "stability-flags": [],
    "prefer-stable": false,
    "prefer-lowest": false,
    "platform": {
        "php": "^7.0"
    },
    "platform-dev": []
}
